
Microsoft Visual Studio Solution File, Format Version 12.00
# Visual Studio Version 17
VisualStudioVersion = 17.5.33516.290
MinimumVisualStudioVersion = 10.0.40219.1
Project("{9A19103F-16F7-4668-BE54-9A1E7A4F7556}") = "MyRide", "MyRide\MyRide.csproj", "{78EC7B1D-7E5D-4EF6-AE7C-B93B73A43429}"
EndProject
Project("{FAE04EC0-301F-11D3-BF4B-00C04F79EFBC}") = "Driver", "Driver\Driver.csproj", "{EBA4B316-EE8B-4608-80F6-5BD76BC128A5}"
EndProject
Project("{FAE04EC0-301F-11D3-BF4B-00C04F79EFBC}") = "Passenger", "Passenger\Passenger.csproj", "{BE6624F5-0E1A-4ADC-AC8B-4823450DAF15}"
EndProject
Project("{FAE04EC0-301F-11D3-BF4B-00C04F79EFBC}") = "Vehicle", "Vehicle\Vehicle.csproj", "{872058BE-79AD-444F-BF43-4CA953D8B30E}"
EndProject
Project("{FAE04EC0-301F-11D3-BF4B-00C04F79EFBC}") = "Location", "Location\Location.csproj", "{832660D5-33E0-4610-AF00-6624B1B7B5BF}"
EndProject
Project("{FAE04EC0-301F-11D3-BF4B-00C04F79EFBC}") = "Ride", "Ride\Ride.csproj", "{6EA3E262-A73C-4F56-8C5A-B607120D81E6}"
EndProject
Project("{FAE04EC0-301F-11D3-BF4B-00C04F79EFBC}") = "Admin", "Admin\Admin.csproj", "{A314B46D-794E-48A9-93B4-1ECFABEC94CD}"
EndProject
Global
	GlobalSection(SolutionConfigurationPlatforms) = preSolution
		Debug|Any CPU = Debug|Any CPU
		Release|Any CPU = Release|Any CPU
	EndGlobalSection
	GlobalSection(ProjectConfigurationPlatforms) = postSolution
		{78EC7B1D-7E5D-4EF6-AE7C-B93B73A43429}.Debug|Any CPU.ActiveCfg = Debug|Any CPU
		{78EC7B1D-7E5D-4EF6-AE7C-B93B73A43429}.Debug|Any CPU.Build.0 = Debug|Any CPU
		{78EC7B1D-7E5D-4EF6-AE7C-B93B73A43429}.Release|Any CPU.ActiveCfg = Release|Any CPU
		{78EC7B1D-7E5D-4EF6-AE7C-B93B73A43429}.Release|Any CPU.Build.0 = Release|Any CPU
		{EBA4B316-EE8B-4608-80F6-5BD76BC128A5}.Debug|Any CPU.ActiveCfg = Debug|Any CPU
		{EBA4B316-EE8B-4608-80F6-5BD76BC128A5}.Debug|Any CPU.Build.0 = Debug|Any CPU
		{EBA4B316-EE8B-4608-80F6-5BD76BC128A5}.Release|Any CPU.ActiveCfg = Release|Any CPU
		{EBA4B316-EE8B-4608-80F6-5BD76BC128A5}.Release|Any CPU.Build.0 = Release|Any CPU
		{BE6624F5-0E1A-4ADC-AC8B-4823450DAF15}.Debug|Any CPU.ActiveCfg = Debug|Any CPU
		{BE6624F5-0E1A-4ADC-AC8B-4823450DAF15}.Debug|Any CPU.Build.0 = Debug|Any CPU
		{BE6624F5-0E1A-4ADC-AC8B-4823450DAF15}.Release|Any CPU.ActiveCfg = Release|Any CPU
		{BE6624F5-0E1A-4ADC-AC8B-4823450DAF15}.Release|Any CPU.Build.0 = Release|Any CPU
		{872058BE-79AD-444F-BF43-4CA953D8B30E}.Debug|Any CPU.ActiveCfg = Debug|Any CPU
		{872058BE-79AD-444F-BF43-4CA953D8B30E}.Debug|Any CPU.Build.0 = Debug|Any CPU
		{872058BE-79AD-444F-BF43-4CA953D8B30E}.Release|Any CPU.ActiveCfg = Release|Any CPU
		{872058BE-79AD-444F-BF43-4CA953D8B30E}.Release|Any CPU.Build.0 = Release|Any CPU
		{832660D5-33E0-4610-AF00-6624B1B7B5BF}.Debug|Any CPU.ActiveCfg = Debug|Any CPU
		{832660D5-33E0-4610-AF00-6624B1B7B5BF}.Debug|Any CPU.Build.0 = Debug|Any CPU
		{832660D5-33E0-4610-AF00-6624B1B7B5BF}.Release|Any CPU.ActiveCfg = Release|Any CPU
		{832660D5-33E0-4610-AF00-6624B1B7B5BF}.Release|Any CPU.Build.0 = Release|Any CPU
		{6EA3E262-A73C-4F56-8C5A-B607120D81E6}.Debug|Any CPU.ActiveCfg = Debug|Any CPU
		{6EA3E262-A73C-4F56-8C5A-B607120D81E6}.Debug|Any CPU.Build.0 = Debug|Any CPU
		{6EA3E262-A73C-4F56-8C5A-B607120D81E6}.Release|Any CPU.ActiveCfg = Release|Any CPU
		{6EA3E262-A73C-4F56-8C5A-B607120D81E6}.Release|Any CPU.Build.0 = Release|Any CPU
		{A314B46D-794E-48A9-93B4-1ECFABEC94CD}.Debug|Any CPU.ActiveCfg = Debug|Any CPU
		{A314B46D-794E-48A9-93B4-1ECFABEC94CD}.Debug|Any CPU.Build.0 = Debug|Any CPU
		{A314B46D-794E-48A9-93B4-1ECFABEC94CD}.Release|Any CPU.ActiveCfg = Release|Any CPU
		{A314B46D-794E-48A9-93B4-1ECFABEC94CD}.Release|Any CPU.Build.0 = Release|Any CPU
	EndGlobalSection
	GlobalSection(SolutionProperties) = preSolution
		HideSolutionNode = FALSE
	EndGlobalSection
	GlobalSection(ExtensibilityGlobals) = postSolution
		SolutionGuid = {457BC5B8-1855-41AC-B2E4-F3B474B61627}
	EndGlobalSection
EndGlobal
